<?xml version="1.0" encoding="utf-8"?>
<Project ToolsVersion="4.0" xmlns="http://schemas.microsoft.com/developer/msbuild/2003">
  <ItemGroup>
    <Filter Include="소스 파일">
      <UniqueIdentifier>{4FC737F1-C7A5-4376-A066-2A32D752A2FF}</UniqueIdentifier>
      <Extensions>cpp;c;cc;cxx;def;odl;idl;hpj;bat;asm;asmx</Extensions>
    </Filter>
    <Filter Include="헤더 파일">
      <UniqueIdentifier>{93995380-89BD-4b04-88EB-625FBE52EBFB}</UniqueIdentifier>
      <Extensions>h;hh;hpp;hxx;hm;inl;inc;ipp;xsd</Extensions>
    </Filter>
    <Filter Include="리소스 파일">
      <UniqueIdentifier>{67DA6AB6-F800-4c08-8B7A-83BB121AAD01}</UniqueIdentifier>
      <Extensions>rc;ico;cur;bmp;dlg;rc2;rct;bin;rgs;gif;jpg;jpeg;jpe;resx;tiff;tif;png;wav;mfcribbon-ms</Extensions>
    </Filter>
    <Filter Include="소스 파일\CustomVTKClass-SrcFile">
      <UniqueIdentifier>{1ed9413f-babf-44c9-ba02-8389e6f88965}</UniqueIdentifier>
    </Filter>
    <Filter Include="헤더 파일\CustomVTKClass-headFile">
      <UniqueIdentifier>{7f7798e9-11b0-4ac4-b94c-8040c28e5554}</UniqueIdentifier>
    </Filter>
    <Filter Include="소스 파일\CustomVTKClass-SrcFile\UI">
      <UniqueIdentifier>{349b5f1e-9ca0-4c11-9053-1209eab00f56}</UniqueIdentifier>
    </Filter>
    <Filter Include="헤더 파일\CustomVTKClass-headFile\UI">
      <UniqueIdentifier>{55bb1702-79be-4977-b053-49463519df15}</UniqueIdentifier>
    </Filter>
  </ItemGroup>
  <ItemGroup>
    <ClInclude Include="MFCApplication1.h">
      <Filter>헤더 파일</Filter>
    </ClInclude>
    <ClInclude Include="MFCApplication1Dlg.h">
      <Filter>헤더 파일</Filter>
    </ClInclude>
    <ClInclude Include="targetver.h">
      <Filter>헤더 파일</Filter>
    </ClInclude>
    <ClInclude Include="Resource.h">
      <Filter>헤더 파일</Filter>
    </ClInclude>
    <ClInclude Include="vtkCTIFFImageReader.h">
      <Filter>헤더 파일\CustomVTKClass-headFile</Filter>
    </ClInclude>
    <ClInclude Include="stdafx.h">
      <Filter>헤더 파일</Filter>
    </ClInclude>
    <ClInclude Include="pxikVolumeTrackBallCamera.h">
      <Filter>헤더 파일\CustomVTKClass-headFile</Filter>
    </ClInclude>
    <ClInclude Include="pxikVolumeOrientMarker.h">
      <Filter>헤더 파일\CustomVTKClass-headFile</Filter>
    </ClInclude>
    <ClInclude Include="pxikVolumeSliceWidget.h">
      <Filter>헤더 파일\CustomVTKClass-headFile</Filter>
    </ClInclude>
    <ClInclude Include="VTKCustomResliceWidget.h">
      <Filter>헤더 파일</Filter>
    </ClInclude>
    <ClInclude Include="pxikVTKButtonWidget.h">
      <Filter>헤더 파일\CustomVTKClass-headFile</Filter>
    </ClInclude>
    <ClInclude Include="TestClass.h">
      <Filter>헤더 파일</Filter>
    </ClInclude>
    <ClInclude Include="pxikVTKPanel.h">
      <Filter>헤더 파일\CustomVTKClass-headFile</Filter>
    </ClInclude>
    <ClInclude Include="pxikVTKUI.h">
      <Filter>헤더 파일\CustomVTKClass-headFile\UI</Filter>
    </ClInclude>
    <ClInclude Include="pxikVTKUIWidgetRepresentation.h">
      <Filter>헤더 파일\CustomVTKClass-headFile\UI</Filter>
    </ClInclude>
  </ItemGroup>
  <ItemGroup>
    <ClCompile Include="MFCApplication1.cpp">
      <Filter>소스 파일</Filter>
    </ClCompile>
    <ClCompile Include="MFCApplication1Dlg.cpp">
      <Filter>소스 파일</Filter>
    </ClCompile>
    <ClCompile Include="stdafx.cpp">
      <Filter>소스 파일</Filter>
    </ClCompile>
    <ClCompile Include="vtkCTIFFImageReader.cpp">
      <Filter>소스 파일\CustomVTKClass-SrcFile</Filter>
    </ClCompile>
    <ClCompile Include="pxikVolumeTrackBallCamera.cpp">
      <Filter>소스 파일\CustomVTKClass-SrcFile</Filter>
    </ClCompile>
    <ClCompile Include="pxikVolumeOrientMarker.cpp">
      <Filter>소스 파일\CustomVTKClass-SrcFile</Filter>
    </ClCompile>
    <ClCompile Include="pxikVolumeSliceWidget.cpp">
      <Filter>소스 파일\CustomVTKClass-SrcFile</Filter>
    </ClCompile>
    <ClCompile Include="VTKCustomResliceWidget.cpp">
      <Filter>소스 파일</Filter>
    </ClCompile>
    <ClCompile Include="pxikVTKButtonWidget.cpp">
      <Filter>소스 파일\CustomVTKClass-SrcFile</Filter>
    </ClCompile>
    <ClCompile Include="TestClass.cpp">
      <Filter>소스 파일</Filter>
    </ClCompile>
    <ClCompile Include="pxikVTKPanel.cpp">
      <Filter>소스 파일\CustomVTKClass-SrcFile</Filter>
    </ClCompile>
    <ClCompile Include="pxikVTKUI.cpp">
      <Filter>소스 파일\CustomVTKClass-SrcFile\UI</Filter>
    </ClCompile>
    <ClCompile Include="pxikVTKUIWidgetRepresentation.cpp">
      <Filter>소스 파일\CustomVTKClass-SrcFile\UI</Filter>
    </ClCompile>
  </ItemGroup>
  <ItemGroup>
    <ResourceCompile Include="MFCApplication1.rc">
      <Filter>리소스 파일</Filter>
    </ResourceCompile>
  </ItemGroup>
  <ItemGroup>
    <None Include="res\MFCApplication1.rc2">
      <Filter>리소스 파일</Filter>
    </None>
  </ItemGroup>
  <ItemGroup>
    <Image Include="res\MFCApplication1.ico">
      <Filter>리소스 파일</Filter>
    </Image>
  </ItemGroup>
</Project>